{
  "name": "web-creator",
  "lockfileVersion": 2,
  "requires": true,
  "packages": {
    "": {
      "name": "web-creator",
      "workspaces": [
        "packages/*"
      ]
    },
    "node_modules/@web-creator/backend": {
      "resolved": "packages/backend",
      "link": true
    },
    "node_modules/@web-creator/frontend": {
      "resolved": "packages/frontend",
      "link": true
    },
    "packages/backend": {
      "name": "@web-creator/backend",
      "version": "1.0.0",
      "license": "ISC"
    },
    "packages/frontend": {
      "name": "@web-creator/frontend",
      "version": "1.0.0",
      "license": "ISC",
      "dependencies": {
        "@web-creator/backend": "1.0.0"
      }
    }
  },
  "dependencies": {
    "@web-creator/backend": {
      "version": "file:packages/backend"
    },
    "@web-creator/frontend": {
      "version": "file:packages/frontend",
      "requires": {
        "@web-creator/backend": "1.0.0"
      }
    }
  }
}
